// !$*UTF8*$!
{
	archiveVersion = 1;
	classes = {
	};
	objectVersion = 46;
	objects = {

/* Begin PBXBuildFile section */
		977C9BA21698C74B0046369A /* SettingController.m in Sources */ = {isa = PBXBuildFile; fileRef = 977C9BA11698C74B0046369A /* SettingController.m */; };
		97A64538169A3B2E00EFB6B5 /* UpdateController.m in Sources */ = {isa = PBXBuildFile; fileRef = 97A64537169A3B2E00EFB6B5 /* UpdateController.m */; };
		97CB05DB1694B36000AC212D /* UIKit.framework in Frameworks */ = {isa = PBXBuildFile; fileRef = 97CB05DA1694B36000AC212D /* UIKit.framework */; };
		97CB05DD1694B36000AC212D /* Foundation.framework in Frameworks */ = {isa = PBXBuildFile; fileRef = 97CB05DC1694B36000AC212D /* Foundation.framework */; };
		97CB05DF1694B36000AC212D /* CoreGraphics.framework in Frameworks */ = {isa = PBXBuildFile; fileRef = 97CB05DE1694B36000AC212D /* CoreGraphics.framework */; };
		97CB05E11694B36000AC212D /* CoreData.framework in Frameworks */ = {isa = PBXBuildFile; fileRef = 97CB05E01694B36000AC212D /* CoreData.framework */; };
		97CB05E71694B36000AC212D /* InfoPlist.strings in Resources */ = {isa = PBXBuildFile; fileRef = 97CB05E51694B36000AC212D /* InfoPlist.strings */; };
		97CB05E91694B36000AC212D /* main.m in Sources */ = {isa = PBXBuildFile; fileRef = 97CB05E81694B36000AC212D /* main.m */; };
		97CB05ED1694B36000AC212D /* AppDelegate.m in Sources */ = {isa = PBXBuildFile; fileRef = 97CB05EC1694B36000AC212D /* AppDelegate.m */; };
		97CB05F01694B36000AC212D /* MainStoryboard_iPhone.storyboard in Resources */ = {isa = PBXBuildFile; fileRef = 97CB05EE1694B36000AC212D /* MainStoryboard_iPhone.storyboard */; };
		97CB05F31694B36000AC212D /* MainStoryboard_iPad.storyboard in Resources */ = {isa = PBXBuildFile; fileRef = 97CB05F11694B36000AC212D /* MainStoryboard_iPad.storyboard */; };
		97CB05F61694B36000AC212D /* english_word_iphone.xcdatamodeld in Sources */ = {isa = PBXBuildFile; fileRef = 97CB05F41694B36000AC212D /* english_word_iphone.xcdatamodeld */; };
		97CB05F91694B36000AC212D /* MasterViewController.m in Sources */ = {isa = PBXBuildFile; fileRef = 97CB05F81694B36000AC212D /* MasterViewController.m */; };
		97CB05FC1694B36000AC212D /* DetailViewController.m in Sources */ = {isa = PBXBuildFile; fileRef = 97CB05FB1694B36000AC212D /* DetailViewController.m */; };
		97CB06041694B36100AC212D /* SenTestingKit.framework in Frameworks */ = {isa = PBXBuildFile; fileRef = 97CB06031694B36100AC212D /* SenTestingKit.framework */; };
		97CB06051694B36100AC212D /* UIKit.framework in Frameworks */ = {isa = PBXBuildFile; fileRef = 97CB05DA1694B36000AC212D /* UIKit.framework */; };
		97CB06061694B36100AC212D /* Foundation.framework in Frameworks */ = {isa = PBXBuildFile; fileRef = 97CB05DC1694B36000AC212D /* Foundation.framework */; };
		97CB06071694B36100AC212D /* CoreData.framework in Frameworks */ = {isa = PBXBuildFile; fileRef = 97CB05E01694B36000AC212D /* CoreData.framework */; };
		97CB060F1694B36100AC212D /* InfoPlist.strings in Resources */ = {isa = PBXBuildFile; fileRef = 97CB060D1694B36100AC212D /* InfoPlist.strings */; };
		97CB06121694B36100AC212D /* english_word_iphoneTests.m in Sources */ = {isa = PBXBuildFile; fileRef = 97CB06111694B36100AC212D /* english_word_iphoneTests.m */; };
		97CB06281694B4DA00AC212D /* word.m in Sources */ = {isa = PBXBuildFile; fileRef = 97CB06271694B4DA00AC212D /* word.m */; };
/* End PBXBuildFile section */

/* Begin PBXContainerItemProxy section */
		97CB06081694B36100AC212D /* PBXContainerItemProxy */ = {
			isa = PBXContainerItemProxy;
			containerPortal = 97CB05CD1694B36000AC212D /* Project object */;
			proxyType = 1;
			remoteGlobalIDString = 97CB05D51694B36000AC212D;
			remoteInfo = english_word_iphone;
		};
/* End PBXContainerItemProxy section */

/* Begin PBXFileReference section */
		977C9BA01698C74B0046369A /* SettingController.h */ = {isa = PBXFileReference; fileEncoding = 4; lastKnownFileType = sourcecode.c.h; path = SettingController.h; sourceTree = "<group>"; };
		977C9BA11698C74B0046369A /* SettingController.m */ = {isa = PBXFileReference; fileEncoding = 4; lastKnownFileType = sourcecode.c.objc; path = SettingController.m; sourceTree = "<group>"; };
		97A64536169A3B2E00EFB6B5 /* UpdateController.h */ = {isa = PBXFileReference; fileEncoding = 4; path = UpdateController.h; sourceTree = "<group>"; };
		97A64537169A3B2E00EFB6B5 /* UpdateController.m */ = {isa = PBXFileReference; fileEncoding = 4; lastKnownFileType = sourcecode.c.objc; path = UpdateController.m; sourceTree = "<group>"; };
		97CB05D61694B36000AC212D /* english_word_iphone.app */ = {isa = PBXFileReference; explicitFileType = wrapper.application; includeInIndex = 0; path = english_word_iphone.app; sourceTree = BUILT_PRODUCTS_DIR; };
		97CB05DA1694B36000AC212D /* UIKit.framework */ = {isa = PBXFileReference; lastKnownFileType = wrapper.framework; name = UIKit.framework; path = System/Library/Frameworks/UIKit.framework; sourceTree = SDKROOT; };
		97CB05DC1694B36000AC212D /* Foundation.framework */ = {isa = PBXFileReference; lastKnownFileType = wrapper.framework; name = Foundation.framework; path = System/Library/Frameworks/Foundation.framework; sourceTree = SDKROOT; };
		97CB05DE1694B36000AC212D /* CoreGraphics.framework */ = {isa = PBXFileReference; lastKnownFileType = wrapper.framework; name = CoreGraphics.framework; path = System/Library/Frameworks/CoreGraphics.framework; sourceTree = SDKROOT; };
		97CB05E01694B36000AC212D /* CoreData.framework */ = {isa = PBXFileReference; lastKnownFileType = wrapper.framework; name = CoreData.framework; path = System/Library/Frameworks/CoreData.framework; sourceTree = SDKROOT; };
		97CB05E41694B36000AC212D /* english_word_iphone-Info.plist */ = {isa = PBXFileReference; lastKnownFileType = text.plist.xml; path = "english_word_iphone-Info.plist"; sourceTree = "<group>"; };
		97CB05E61694B36000AC212D /* en */ = {isa = PBXFileReference; lastKnownFileType = text.plist.strings; name = en; path = en.lproj/InfoPlist.strings; sourceTree = "<group>"; };
		97CB05E81694B36000AC212D /* main.m */ = {isa = PBXFileReference; lastKnownFileType = sourcecode.c.objc; path = main.m; sourceTree = "<group>"; };
		97CB05EA1694B36000AC212D /* english_word_iphone-Prefix.pch */ = {isa = PBXFileReference; lastKnownFileType = sourcecode.c.h; path = "english_word_iphone-Prefix.pch"; sourceTree = "<group>"; };
		97CB05EB1694B36000AC212D /* AppDelegate.h */ = {isa = PBXFileReference; lastKnownFileType = sourcecode.c.h; path = AppDelegate.h; sourceTree = "<group>"; };
		97CB05EC1694B36000AC212D /* AppDelegate.m */ = {isa = PBXFileReference; lastKnownFileType = sourcecode.c.objc; path = AppDelegate.m; sourceTree = "<group>"; };
		97CB05EF1694B36000AC212D /* en */ = {isa = PBXFileReference; lastKnownFileType = file.storyboard; name = en; path = en.lproj/MainStoryboard_iPhone.storyboard; sourceTree = "<group>"; };
		97CB05F21694B36000AC212D /* en */ = {isa = PBXFileReference; lastKnownFileType = file.storyboard; name = en; path = en.lproj/MainStoryboard_iPad.storyboard; sourceTree = "<group>"; };
		97CB05F51694B36000AC212D /* english_word_iphone.xcdatamodel */ = {isa = PBXFileReference; lastKnownFileType = wrapper.xcdatamodel; path = english_word_iphone.xcdatamodel; sourceTree = "<group>"; };
		97CB05F71694B36000AC212D /* MasterViewController.h */ = {isa = PBXFileReference; lastKnownFileType = sourcecode.c.h; path = MasterViewController.h; sourceTree = "<group>"; };
		97CB05F81694B36000AC212D /* MasterViewController.m */ = {isa = PBXFileReference; lastKnownFileType = sourcecode.c.objc; path = MasterViewController.m; sourceTree = "<group>"; };
		97CB05FA1694B36000AC212D /* DetailViewController.h */ = {isa = PBXFileReference; lastKnownFileType = sourcecode.c.h; path = DetailViewController.h; sourceTree = "<group>"; };
		97CB05FB1694B36000AC212D /* DetailViewController.m */ = {isa = PBXFileReference; lastKnownFileType = sourcecode.c.objc; path = DetailViewController.m; sourceTree = "<group>"; };
		97CB06021694B36000AC212D /* english_word_iphoneTests.octest */ = {isa = PBXFileReference; explicitFileType = wrapper.cfbundle; includeInIndex = 0; path = english_word_iphoneTests.octest; sourceTree = BUILT_PRODUCTS_DIR; };
		97CB06031694B36100AC212D /* SenTestingKit.framework */ = {isa = PBXFileReference; lastKnownFileType = wrapper.framework; name = SenTestingKit.framework; path = Library/Frameworks/SenTestingKit.framework; sourceTree = DEVELOPER_DIR; };
		97CB060C1694B36100AC212D /* english_word_iphoneTests-Info.plist */ = {isa = PBXFileReference; lastKnownFileType = text.plist.xml; path = "english_word_iphoneTests-Info.plist"; sourceTree = "<group>"; };
		97CB060E1694B36100AC212D /* en */ = {isa = PBXFileReference; lastKnownFileType = text.plist.strings; name = en; path = en.lproj/InfoPlist.strings; sourceTree = "<group>"; };
		97CB06101694B36100AC212D /* english_word_iphoneTests.h */ = {isa = PBXFileReference; lastKnownFileType = sourcecode.c.h; path = english_word_iphoneTests.h; sourceTree = "<group>"; };
		97CB06111694B36100AC212D /* english_word_iphoneTests.m */ = {isa = PBXFileReference; lastKnownFileType = sourcecode.c.objc; path = english_word_iphoneTests.m; sourceTree = "<group>"; };
		97CB06261694B4DA00AC212D /* word.h */ = {isa = PBXFileReference; fileEncoding = 4; lastKnownFileType = sourcecode.c.h; path = word.h; sourceTree = "<group>"; };
		97CB06271694B4DA00AC212D /* word.m */ = {isa = PBXFileReference; fileEncoding = 4; lastKnownFileType = sourcecode.c.objc; path = word.m; sourceTree = "<group>"; };
/* End PBXFileReference section */

/* Begin PBXFrameworksBuildPhase section */
		97CB05D31694B36000AC212D /* Frameworks */ = {
			isa = PBXFrameworksBuildPhase;
			buildActionMask = 2147483647;
			files = (
				97CB05DB1694B36000AC212D /* UIKit.framework in Frameworks */,
				97CB05DD1694B36000AC212D /* Foundation.framework in Frameworks */,
				97CB05DF1694B36000AC212D /* CoreGraphics.framework in Frameworks */,
				97CB05E11694B36000AC212D /* CoreData.framework in Frameworks */,
			);
			runOnlyForDeploymentPostprocessing = 0;
		};
		97CB05FE1694B36000AC212D /* Frameworks */ = {
			isa = PBXFrameworksBuildPhase;
			buildActionMask = 2147483647;
			files = (
				97CB06041694B36100AC212D /* SenTestingKit.framework in Frameworks */,
				97CB06051694B36100AC212D /* UIKit.framework in Frameworks */,
				97CB06061694B36100AC212D /* Foundation.framework in Frameworks */,
				97CB06071694B36100AC212D /* CoreData.framework in Frameworks */,
			);
			runOnlyForDeploymentPostprocessing = 0;
		};
/* End PBXFrameworksBuildPhase section */

/* Begin PBXGroup section */
		977C9B9E1698C7220046369A /* Controller */ = {
			isa = PBXGroup;
			children = (
				97CB05F71694B36000AC212D /* MasterViewController.h */,
				97CB05F81694B36000AC212D /* MasterViewController.m */,
				97CB05FA1694B36000AC212D /* DetailViewController.h */,
				97CB05FB1694B36000AC212D /* DetailViewController.m */,
				977C9BA01698C74B0046369A /* SettingController.h */,
				977C9BA11698C74B0046369A /* SettingController.m */,
				97A64536169A3B2E00EFB6B5 /* UpdateController.h */,
				97A64537169A3B2E00EFB6B5 /* UpdateController.m */,
			);
			name = Controller;
			sourceTree = "<group>";
		};
		97CB05CB1694B36000AC212D = {
			isa = PBXGroup;
			children = (
				97CB05E21694B36000AC212D /* english_word_iphone */,
				97CB060A1694B36100AC212D /* english_word_iphoneTests */,
				97CB05D91694B36000AC212D /* Frameworks */,
				97CB05D71694B36000AC212D /* Products */,
			);
			sourceTree = "<group>";
		};
		97CB05D71694B36000AC212D /* Products */ = {
			isa = PBXGroup;
			children = (
				97CB05D61694B36000AC212D /* english_word_iphone.app */,
				97CB06021694B36000AC212D /* english_word_iphoneTests.octest */,
			);
			name = Products;
			sourceTree = "<group>";
		};
		97CB05D91694B36000AC212D /* Frameworks */ = {
			isa = PBXGroup;
			children = (
				97CB05DA1694B36000AC212D /* UIKit.framework */,
				97CB05DC1694B36000AC212D /* Foundation.framework */,
				97CB05DE1694B36000AC212D /* CoreGraphics.framework */,
				97CB05E01694B36000AC212D /* CoreData.framework */,
				97CB06031694B36100AC212D /* SenTestingKit.framework */,
			);
			name = Frameworks;
			sourceTree = "<group>";
		};
		97CB05E21694B36000AC212D /* english_word_iphone */ = {
			isa = PBXGroup;
			children = (
				977C9B9E1698C7220046369A /* Controller */,
				97CB06251694B4AB00AC212D /* Model */,
				97CB05EB1694B36000AC212D /* AppDelegate.h */,
				97CB05EC1694B36000AC212D /* AppDelegate.m */,
				97CB05EE1694B36000AC212D /* MainStoryboard_iPhone.storyboard */,
				97CB05F11694B36000AC212D /* MainStoryboard_iPad.storyboard */,
				97CB05F41694B36000AC212D /* english_word_iphone.xcdatamodeld */,
				97CB05E31694B36000AC212D /* Supporting Files */,
			);
			path = english_word_iphone;
			sourceTree = "<group>";
		};
		97CB05E31694B36000AC212D /* Supporting Files */ = {
			isa = PBXGroup;
			children = (
				97CB05E41694B36000AC212D /* english_word_iphone-Info.plist */,
				97CB05E51694B36000AC212D /* InfoPlist.strings */,
				97CB05E81694B36000AC212D /* main.m */,
				97CB05EA1694B36000AC212D /* english_word_iphone-Prefix.pch */,
			);
			name = "Supporting Files";
			sourceTree = "<group>";
		};
		97CB060A1694B36100AC212D /* english_word_iphoneTests */ = {
			isa = PBXGroup;
			children = (
				97CB06101694B36100AC212D /* english_word_iphoneTests.h */,
				97CB06111694B36100AC212D /* english_word_iphoneTests.m */,
				97CB060B1694B36100AC212D /* Supporting Files */,
			);
			path = english_word_iphoneTests;
			sourceTree = "<group>";
		};
		97CB060B1694B36100AC212D /* Supporting Files */ = {
			isa = PBXGroup;
			children = (
				97CB060C1694B36100AC212D /* english_word_iphoneTests-Info.plist */,
				97CB060D1694B36100AC212D /* InfoPlist.strings */,
			);
			name = "Supporting Files";
			sourceTree = "<group>";
		};
		97CB06251694B4AB00AC212D /* Model */ = {
			isa = PBXGroup;
			children = (
				97CB06261694B4DA00AC212D /* word.h */,
				97CB06271694B4DA00AC212D /* word.m */,
			);
			name = Model;
			sourceTree = "<group>";
		};
/* End PBXGroup section */

/* Begin PBXNativeTarget section */
		97CB05D51694B36000AC212D /* english_word_iphone */ = {
			isa = PBXNativeTarget;
			buildConfigurationList = 97CB06151694B36100AC212D /* Build configuration list for PBXNativeTarget "english_word_iphone" */;
			buildPhases = (
				97CB05D21694B36000AC212D /* Sources */,
				97CB05D31694B36000AC212D /* Frameworks */,
				97CB05D41694B36000AC212D /* Resources */,
			);
			buildRules = (
			);
			dependencies = (
			);
			name = english_word_iphone;
			productName = english_word_iphone;
			productReference = 97CB05D61694B36000AC212D /* english_word_iphone.app */;
			productType = "com.apple.product-type.application";
		};
		97CB06011694B36000AC212D /* english_word_iphoneTests */ = {
			isa = PBXNativeTarget;
			buildConfigurationList = 97CB06181694B36100AC212D /* Build configuration list for PBXNativeTarget "english_word_iphoneTests" */;
			buildPhases = (
				97CB05FD1694B36000AC212D /* Sources */,
				97CB05FE1694B36000AC212D /* Frameworks */,
				97CB05FF1694B36000AC212D /* Resources */,
				97CB06001694B36000AC212D /* ShellScript */,
			);
			buildRules = (
			);
			dependencies = (
				97CB06091694B36100AC212D /* PBXTargetDependency */,
			);
			name = english_word_iphoneTests;
			productName = english_word_iphoneTests;
			productReference = 97CB06021694B36000AC212D /* english_word_iphoneTests.octest */;
			productType = "com.apple.product-type.bundle";
		};
/* End PBXNativeTarget section */

/* Begin PBXProject section */
		97CB05CD1694B36000AC212D /* Project object */ = {
			isa = PBXProject;
			attributes = {
				LastUpgradeCheck = 0420;
			};
			buildConfigurationList = 97CB05D01694B36000AC212D /* Build configuration list for PBXProject "english_word_iphone" */;
			compatibilityVersion = "Xcode 3.2";
			developmentRegion = English;
			hasScannedForEncodings = 0;
			knownRegions = (
				en,
			);
			mainGroup = 97CB05CB1694B36000AC212D;
			productRefGroup = 97CB05D71694B36000AC212D /* Products */;
			projectDirPath = "";
			projectRoot = "";
			targets = (
				97CB05D51694B36000AC212D /* english_word_iphone */,
				97CB06011694B36000AC212D /* english_word_iphoneTests */,
			);
		};
/* End PBXProject section */

/* Begin PBXResourcesBuildPhase section */
		97CB05D41694B36000AC212D /* Resources */ = {
			isa = PBXResourcesBuildPhase;
			buildActionMask = 2147483647;
			files = (
				97CB05E71694B36000AC212D /* InfoPlist.strings in Resources */,
				97CB05F01694B36000AC212D /* MainStoryboard_iPhone.storyboard in Resources */,
				97CB05F31694B36000AC212D /* MainStoryboard_iPad.storyboard in Resources */,
			);
			runOnlyForDeploymentPostprocessing = 0;
		};
		97CB05FF1694B36000AC212D /* Resources */ = {
			isa = PBXResourcesBuildPhase;
			buildActionMask = 2147483647;
			files = (
				97CB060F1694B36100AC212D /* InfoPlist.strings in Resources */,
			);
			runOnlyForDeploymentPostprocessing = 0;
		};
/* End PBXResourcesBuildPhase section */

/* Begin PBXShellScriptBuildPhase section */
		97CB06001694B36000AC212D /* ShellScript */ = {
			isa = PBXShellScriptBuildPhase;
			buildActionMask = 2147483647;
			files = (
			);
			inputPaths = (
			);
			outputPaths = (
			);
			runOnlyForDeploymentPostprocessing = 0;
			shellPath = /bin/sh;
			shellScript = "# Run the unit tests in this test bundle.\n\"${SYSTEM_DEVELOPER_DIR}/Tools/RunUnitTests\"\n";
		};
/* End PBXShellScriptBuildPhase section */

/* Begin PBXSourcesBuildPhase section */
		97CB05D21694B36000AC212D /* Sources */ = {
			isa = PBXSourcesBuildPhase;
			buildActionMask = 2147483647;
			files = (
				97CB05E91694B36000AC212D /* main.m in Sources */,
				97CB05ED1694B36000AC212D /* AppDelegate.m in Sources */,
				97CB05F61694B36000AC212D /* english_word_iphone.xcdatamodeld in Sources */,
				97CB05F91694B36000AC212D /* MasterViewController.m in Sources */,
				97CB05FC1694B36000AC212D /* DetailViewController.m in Sources */,
				97CB06281694B4DA00AC212D /* word.m in Sources */,
				977C9BA21698C74B0046369A /* SettingController.m in Sources */,
				97A64538169A3B2E00EFB6B5 /* UpdateController.m in Sources */,
			);
			runOnlyForDeploymentPostprocessing = 0;
		};
		97CB05FD1694B36000AC212D /* Sources */ = {
			isa = PBXSourcesBuildPhase;
			buildActionMask = 2147483647;
			files = (
				97CB06121694B36100AC212D /* english_word_iphoneTests.m in Sources */,
			);
			runOnlyForDeploymentPostprocessing = 0;
		};
/* End PBXSourcesBuildPhase section */

/* Begin PBXTargetDependency section */
		97CB06091694B36100AC212D /* PBXTargetDependency */ = {
			isa = PBXTargetDependency;
			target = 97CB05D51694B36000AC212D /* english_word_iphone */;
			targetProxy = 97CB06081694B36100AC212D /* PBXContainerItemProxy */;
		};
/* End PBXTargetDependency section */

/* Begin PBXVariantGroup section */
		97CB05E51694B36000AC212D /* InfoPlist.strings */ = {
			isa = PBXVariantGroup;
			children = (
				97CB05E61694B36000AC212D /* en */,
			);
			name = InfoPlist.strings;
			sourceTree = "<group>";
		};
		97CB05EE1694B36000AC212D /* MainStoryboard_iPhone.storyboard */ = {
			isa = PBXVariantGroup;
			children = (
				97CB05EF1694B36000AC212D /* en */,
			);
			name = MainStoryboard_iPhone.storyboard;
			sourceTree = "<group>";
		};
		97CB05F11694B36000AC212D /* MainStoryboard_iPad.storyboard */ = {
			isa = PBXVariantGroup;
			children = (
				97CB05F21694B36000AC212D /* en */,
			);
			name = MainStoryboard_iPad.storyboard;
			sourceTree = "<group>";
		};
		97CB060D1694B36100AC212D /* InfoPlist.strings */ = {
			isa = PBXVariantGroup;
			children = (
				97CB060E1694B36100AC212D /* en */,
			);
			name = InfoPlist.strings;
			sourceTree = "<group>";
		};
/* End PBXVariantGroup section */

/* Begin XCBuildConfiguration section */
		97CB06131694B36100AC212D /* Debug */ = {
			isa = XCBuildConfiguration;
			buildSettings = {
				ALWAYS_SEARCH_USER_PATHS = NO;
				ARCHS = "$(ARCHS_STANDARD_32_BIT)";
				CLANG_ENABLE_OBJC_ARC = YES;
				"CODE_SIGN_IDENTITY[sdk=iphoneos*]" = "iPhone Developer";
				COPY_PHASE_STRIP = NO;
				GCC_C_LANGUAGE_STANDARD = gnu99;
				GCC_DYNAMIC_NO_PIC = NO;
				GCC_OPTIMIZATION_LEVEL = 0;
				GCC_PREPROCESSOR_DEFINITIONS = (
					"DEBUG=1",
					"$(inherited)",
				);
				GCC_SYMBOLS_PRIVATE_EXTERN = NO;
				GCC_VERSION = com.apple.compilers.llvm.clang.1_0;
				GCC_WARN_ABOUT_MISSING_PROTOTYPES = YES;
				GCC_WARN_ABOUT_RETURN_TYPE = YES;
				GCC_WARN_UNUSED_VARIABLE = YES;
				IPHONEOS_DEPLOYMENT_TARGET = 5.0;
				SDKROOT = iphoneos5.0;
				TARGETED_DEVICE_FAMILY = "1,2";
			};
			name = Debug;
		};
		97CB06141694B36100AC212D /* Release */ = {
			isa = XCBuildConfiguration;
			buildSettings = {
				ALWAYS_SEARCH_USER_PATHS = NO;
				ARCHS = "$(ARCHS_STANDARD_32_BIT)";
				CLANG_ENABLE_OBJC_ARC = YES;
				"CODE_SIGN_IDENTITY[sdk=iphoneos*]" = "iPhone Developer";
				COPY_PHASE_STRIP = YES;
				GCC_C_LANGUAGE_STANDARD = gnu99;
				GCC_VERSION = com.apple.compilers.llvm.clang.1_0;
				GCC_WARN_ABOUT_MISSING_PROTOTYPES = YES;
				GCC_WARN_ABOUT_RETURN_TYPE = YES;
				GCC_WARN_UNUSED_VARIABLE = YES;
				IPHONEOS_DEPLOYMENT_TARGET = 5.0;
				OTHER_CFLAGS = "-DNS_BLOCK_ASSERTIONS=1";
				SDKROOT = iphoneos5.0;
				TARGETED_DEVICE_FAMILY = "1,2";
				VALIDATE_PRODUCT = YES;
			};
			name = Release;
		};
		97CB06161694B36100AC212D /* Debug */ = {
			isa = XCBuildConfiguration;
			buildSettings = {
				GCC_PRECOMPILE_PREFIX_HEADER = YES;
				GCC_PREFIX_HEADER = "english_word_iphone/english_word_iphone-Prefix.pch";
				INFOPLIST_FILE = "english_word_iphone/english_word_iphone-Info.plist";
				PRODUCT_NAME = "$(TARGET_NAME)";
				WRAPPER_EXTENSION = app;
			};
			name = Debug;
		};
		97CB06171694B36100AC212D /* Release */ = {
			isa = XCBuildConfiguration;
			buildSettings = {
				GCC_PRECOMPILE_PREFIX_HEADER = YES;
				GCC_PREFIX_HEADER = "english_word_iphone/english_word_iphone-Prefix.pch";
				INFOPLIST_FILE = "english_word_iphone/english_word_iphone-Info.plist";
				PRODUCT_NAME = "$(TARGET_NAME)";
				WRAPPER_EXTENSION = app;
			};
			name = Release;
		};
		97CB06191694B36100AC212D /* Debug */ = {
			isa = XCBuildConfiguration;
			buildSettings = {
				BUNDLE_LOADER = "$(BUILT_PRODUCTS_DIR)/english_word_iphone.app/english_word_iphone";
				FRAMEWORK_SEARCH_PATHS = (
					"$(SDKROOT)/Developer/Library/Frameworks",
					"$(DEVELOPER_LIBRARY_DIR)/Frameworks",
				);
				GCC_PRECOMPILE_PREFIX_HEADER = YES;
				GCC_PREFIX_HEADER = "english_word_iphone/english_word_iphone-Prefix.pch";
				INFOPLIST_FILE = "english_word_iphoneTests/english_word_iphoneTests-Info.plist";
				PRODUCT_NAME = "$(TARGET_NAME)";
				TEST_HOST = "$(BUNDLE_LOADER)";
				WRAPPER_EXTENSION = octest;
			};
			name = Debug;
		};
		97CB061A1694B36100AC212D /* Release */ = {
			isa = XCBuildConfiguration;
			buildSettings = {
				BUNDLE_LOADER = "$(BUILT_PRODUCTS_DIR)/english_word_iphone.app/english_word_iphone";
				FRAMEWORK_SEARCH_PATHS = (
					"$(SDKROOT)/Developer/Library/Frameworks",
					"$(DEVELOPER_LIBRARY_DIR)/Frameworks",
				);
				GCC_PRECOMPILE_PREFIX_HEADER = YES;
				GCC_PREFIX_HEADER = "english_word_iphone/english_word_iphone-Prefix.pch";
				INFOPLIST_FILE = "english_word_iphoneTests/english_word_iphoneTests-Info.plist";
				PRODUCT_NAME = "$(TARGET_NAME)";
				TEST_HOST = "$(BUNDLE_LOADER)";
				WRAPPER_EXTENSION = octest;
			};
			name = Release;
		};
/* End XCBuildConfiguration section */

/* Begin XCConfigurationList section */
		97CB05D01694B36000AC212D /* Build configuration list for PBXProject "english_word_iphone" */ = {
			isa = XCConfigurationList;
			buildConfigurations = (
				97CB06131694B36100AC212D /* Debug */,
				97CB06141694B36100AC212D /* Release */,
			);
			defaultConfigurationIsVisible = 0;
			defaultConfigurationName = Release;
		};
		97CB06151694B36100AC212D /* Build configuration list for PBXNativeTarget "english_word_iphone" */ = {
			isa = XCConfigurationList;
			buildConfigurations = (
				97CB06161694B36100AC212D /* Debug */,
				97CB06171694B36100AC212D /* Release */,
			);
			defaultConfigurationIsVisible = 0;
			defaultConfigurationName = Release;
		};
		97CB06181694B36100AC212D /* Build configuration list for PBXNativeTarget "english_word_iphoneTests" */ = {
			isa = XCConfigurationList;
			buildConfigurations = (
				97CB06191694B36100AC212D /* Debug */,
				97CB061A1694B36100AC212D /* Release */,
			);
			defaultConfigurationIsVisible = 0;
			defaultConfigurationName = Release;
		};
/* End XCConfigurationList section */

/* Begin XCVersionGroup section */
		97CB05F41694B36000AC212D /* english_word_iphone.xcdatamodeld */ = {
			isa = XCVersionGroup;
			children = (
				97CB05F51694B36000AC212D /* english_word_iphone.xcdatamodel */,
			);
			currentVersion = 97CB05F51694B36000AC212D /* english_word_iphone.xcdatamodel */;
			path = english_word_iphone.xcdatamodeld;
			sourceTree = "<group>";
			versionGroupType = wrapper.xcdatamodel;
		};
/* End XCVersionGroup section */
	};
	rootObject = 97CB05CD1694B36000AC212D /* Project object */;
}
